// !$*UTF8*$!
{
	archiveVersion = 1;
	classes = {
	};
	objectVersion = 46;
	objects = {

/* Begin PBXBuildFile section */
		65B90ACC18BE090F0074447A /* Foundation.framework in Frameworks */ = {isa = PBXBuildFile; fileRef = 65B90ACB18BE090F0074447A /* Foundation.framework */; };
		65B90ACE18BE090F0074447A /* CoreGraphics.framework in Frameworks */ = {isa = PBXBuildFile; fileRef = 65B90ACD18BE090F0074447A /* CoreGraphics.framework */; };
		65B90AD018BE090F0074447A /* UIKit.framework in Frameworks */ = {isa = PBXBuildFile; fileRef = 65B90ACF18BE090F0074447A /* UIKit.framework */; };
		65B90AD618BE090F0074447A /* InfoPlist.strings in Resources */ = {isa = PBXBuildFile; fileRef = 65B90AD418BE090F0074447A /* InfoPlist.strings */; };
		65B90AD818BE090F0074447A /* main.m in Sources */ = {isa = PBXBuildFile; fileRef = 65B90AD718BE090F0074447A /* main.m */; };
		65B90ADC18BE090F0074447A /* DZAppDelegate.m in Sources */ = {isa = PBXBuildFile; fileRef = 65B90ADB18BE090F0074447A /* DZAppDelegate.m */; };
		65B90ADE18BE090F0074447A /* Images.xcassets in Resources */ = {isa = PBXBuildFile; fileRef = 65B90ADD18BE090F0074447A /* Images.xcassets */; };
		65B90AE518BE090F0074447A /* XCTest.framework in Frameworks */ = {isa = PBXBuildFile; fileRef = 65B90AE418BE090F0074447A /* XCTest.framework */; };
		65B90AE618BE090F0074447A /* Foundation.framework in Frameworks */ = {isa = PBXBuildFile; fileRef = 65B90ACB18BE090F0074447A /* Foundation.framework */; };
		65B90AE718BE090F0074447A /* UIKit.framework in Frameworks */ = {isa = PBXBuildFile; fileRef = 65B90ACF18BE090F0074447A /* UIKit.framework */; };
		65B90AEF18BE090F0074447A /* InfoPlist.strings in Resources */ = {isa = PBXBuildFile; fileRef = 65B90AED18BE090F0074447A /* InfoPlist.strings */; };
		65B90AF118BE090F0074447A /* DZTableViewTests.m in Sources */ = {isa = PBXBuildFile; fileRef = 65B90AF018BE090F0074447A /* DZTableViewTests.m */; };
		65B90B1118BE2F470074447A /* DZCellActionItem.m in Sources */ = {isa = PBXBuildFile; fileRef = 65B90AFC18BE2F470074447A /* DZCellActionItem.m */; };
		65B90B1218BE2F470074447A /* DZCellActionsView.m in Sources */ = {isa = PBXBuildFile; fileRef = 65B90AFE18BE2F470074447A /* DZCellActionsView.m */; };
		65B90B1318BE2F470074447A /* DZInputCellView.m in Sources */ = {isa = PBXBuildFile; fileRef = 65B90B0018BE2F470074447A /* DZInputCellView.m */; };
		65B90B1418BE2F470074447A /* DZPullDownView.m in Sources */ = {isa = PBXBuildFile; fileRef = 65B90B0318BE2F470074447A /* DZPullDownView.m */; };
		65B90B1518BE2F470074447A /* DZSawtoothView.m in Sources */ = {isa = PBXBuildFile; fileRef = 65B90B0518BE2F470074447A /* DZSawtoothView.m */; };
		65B90B1618BE2F470074447A /* DZSeparationLine.m in Sources */ = {isa = PBXBuildFile; fileRef = 65B90B0718BE2F470074447A /* DZSeparationLine.m */; };
		65B90B1718BE2F470074447A /* DZTableView.mm in Sources */ = {isa = PBXBuildFile; fileRef = 65B90B0918BE2F470074447A /* DZTableView.mm */; };
		65B90B1818BE2F470074447A /* DZTableViewCell.m in Sources */ = {isa = PBXBuildFile; fileRef = 65B90B0C18BE2F470074447A /* DZTableViewCell.m */; };
		65B90B1918BE2F470074447A /* DZTableViewController.m in Sources */ = {isa = PBXBuildFile; fileRef = 65B90B0F18BE2F470074447A /* DZTableViewController.m */; };
		65B90B1D18BE2FB00074447A /* DZProgramDefines.m in Sources */ = {isa = PBXBuildFile; fileRef = 65B90B1C18BE2FB00074447A /* DZProgramDefines.m */; };
		65B90B2C18BE304A0074447A /* DZDirection.m in Sources */ = {isa = PBXBuildFile; fileRef = 65B90B2018BE304A0074447A /* DZDirection.m */; };
		65B90B2D18BE304A0074447A /* DZGeometryTools.m in Sources */ = {isa = PBXBuildFile; fileRef = 65B90B2218BE304A0074447A /* DZGeometryTools.m */; };
		65B90B2E18BE304A0074447A /* DZSendSelector.m in Sources */ = {isa = PBXBuildFile; fileRef = 65B90B2418BE304A0074447A /* DZSendSelector.m */; };
		65B90B2F18BE304A0074447A /* UIColor+DZColor.m in Sources */ = {isa = PBXBuildFile; fileRef = 65B90B2718BE304A0074447A /* UIColor+DZColor.m */; };
		65B90B3018BE304A0074447A /* UIView+AddTaps.m in Sources */ = {isa = PBXBuildFile; fileRef = 65B90B2918BE304A0074447A /* UIView+AddTaps.m */; };
		65B90B3118BE304A0074447A /* UIView+Shadow.m in Sources */ = {isa = PBXBuildFile; fileRef = 65B90B2B18BE304A0074447A /* UIView+Shadow.m */; };
		65B90B3518BE30850074447A /* DZDevices.m in Sources */ = {isa = PBXBuildFile; fileRef = 65B90B3418BE30850074447A /* DZDevices.m */; };
		65B90B3818BE30C00074447A /* NSString+WizString.mm in Sources */ = {isa = PBXBuildFile; fileRef = 65B90B3718BE30C00074447A /* NSString+WizString.mm */; };
		65B90B3B18BE30E50074447A /* UIDeviceHardware.m in Sources */ = {isa = PBXBuildFile; fileRef = 65B90B3A18BE30E50074447A /* UIDeviceHardware.m */; };
		65B90B3E18BE31090074447A /* HexColor.m in Sources */ = {isa = PBXBuildFile; fileRef = 65B90B3D18BE31090074447A /* HexColor.m */; };
		65B90B4218BE32150074447A /* DZTypesViewController.m in Sources */ = {isa = PBXBuildFile; fileRef = 65B90B4118BE32150074447A /* DZTypesViewController.m */; };
		65B90B4618BE326B0074447A /* DZTypeCell.m in Sources */ = {isa = PBXBuildFile; fileRef = 65B90B4418BE326B0074447A /* DZTypeCell.m */; };
		65B90B4718BE326B0074447A /* number_bg.png in Resources */ = {isa = PBXBuildFile; fileRef = 65B90B4518BE326B0074447A /* number_bg.png */; };
/* End PBXBuildFile section */

/* Begin PBXContainerItemProxy section */
		65B90AE818BE090F0074447A /* PBXContainerItemProxy */ = {
			isa = PBXContainerItemProxy;
			containerPortal = 65B90AC018BE090F0074447A /* Project object */;
			proxyType = 1;
			remoteGlobalIDString = 65B90AC718BE090F0074447A;
			remoteInfo = DZTableView;
		};
/* End PBXContainerItemProxy section */

/* Begin PBXFileReference section */
		65B90AC818BE090F0074447A /* DZTableView.app */ = {isa = PBXFileReference; explicitFileType = wrapper.application; includeInIndex = 0; path = DZTableView.app; sourceTree = BUILT_PRODUCTS_DIR; };
		65B90ACB18BE090F0074447A /* Foundation.framework */ = {isa = PBXFileReference; lastKnownFileType = wrapper.framework; name = Foundation.framework; path = System/Library/Frameworks/Foundation.framework; sourceTree = SDKROOT; };
		65B90ACD18BE090F0074447A /* CoreGraphics.framework */ = {isa = PBXFileReference; lastKnownFileType = wrapper.framework; name = CoreGraphics.framework; path = System/Library/Frameworks/CoreGraphics.framework; sourceTree = SDKROOT; };
		65B90ACF18BE090F0074447A /* UIKit.framework */ = {isa = PBXFileReference; lastKnownFileType = wrapper.framework; name = UIKit.framework; path = System/Library/Frameworks/UIKit.framework; sourceTree = SDKROOT; };
		65B90AD318BE090F0074447A /* DZTableView-Info.plist */ = {isa = PBXFileReference; lastKnownFileType = text.plist.xml; path = "DZTableView-Info.plist"; sourceTree = "<group>"; };
		65B90AD518BE090F0074447A /* en */ = {isa = PBXFileReference; lastKnownFileType = text.plist.strings; name = en; path = en.lproj/InfoPlist.strings; sourceTree = "<group>"; };
		65B90AD718BE090F0074447A /* main.m */ = {isa = PBXFileReference; lastKnownFileType = sourcecode.c.objc; path = main.m; sourceTree = "<group>"; };
		65B90AD918BE090F0074447A /* DZTableView-Prefix.pch */ = {isa = PBXFileReference; lastKnownFileType = sourcecode.c.h; path = "DZTableView-Prefix.pch"; sourceTree = "<group>"; };
		65B90ADA18BE090F0074447A /* DZAppDelegate.h */ = {isa = PBXFileReference; lastKnownFileType = sourcecode.c.h; path = DZAppDelegate.h; sourceTree = "<group>"; };
		65B90ADB18BE090F0074447A /* DZAppDelegate.m */ = {isa = PBXFileReference; lastKnownFileType = sourcecode.c.objc; path = DZAppDelegate.m; sourceTree = "<group>"; };
		65B90ADD18BE090F0074447A /* Images.xcassets */ = {isa = PBXFileReference; lastKnownFileType = folder.assetcatalog; path = Images.xcassets; sourceTree = "<group>"; };
		65B90AE318BE090F0074447A /* DZTableViewTests.xctest */ = {isa = PBXFileReference; explicitFileType = wrapper.cfbundle; includeInIndex = 0; path = DZTableViewTests.xctest; sourceTree = BUILT_PRODUCTS_DIR; };
		65B90AE418BE090F0074447A /* XCTest.framework */ = {isa = PBXFileReference; lastKnownFileType = wrapper.framework; name = XCTest.framework; path = Library/Frameworks/XCTest.framework; sourceTree = DEVELOPER_DIR; };
		65B90AEC18BE090F0074447A /* DZTableViewTests-Info.plist */ = {isa = PBXFileReference; lastKnownFileType = text.plist.xml; path = "DZTableViewTests-Info.plist"; sourceTree = "<group>"; };
		65B90AEE18BE090F0074447A /* en */ = {isa = PBXFileReference; lastKnownFileType = text.plist.strings; name = en; path = en.lproj/InfoPlist.strings; sourceTree = "<group>"; };
		65B90AF018BE090F0074447A /* DZTableViewTests.m */ = {isa = PBXFileReference; lastKnownFileType = sourcecode.c.objc; path = DZTableViewTests.m; sourceTree = "<group>"; };
		65B90AFB18BE2F470074447A /* DZCellActionItem.h */ = {isa = PBXFileReference; fileEncoding = 4; lastKnownFileType = sourcecode.c.h; path = DZCellActionItem.h; sourceTree = "<group>"; };
		65B90AFC18BE2F470074447A /* DZCellActionItem.m */ = {isa = PBXFileReference; fileEncoding = 4; lastKnownFileType = sourcecode.c.objc; path = DZCellActionItem.m; sourceTree = "<group>"; };
		65B90AFD18BE2F470074447A /* DZCellActionsView.h */ = {isa = PBXFileReference; fileEncoding = 4; lastKnownFileType = sourcecode.c.h; path = DZCellActionsView.h; sourceTree = "<group>"; };
		65B90AFE18BE2F470074447A /* DZCellActionsView.m */ = {isa = PBXFileReference; fileEncoding = 4; lastKnownFileType = sourcecode.c.objc; path = DZCellActionsView.m; sourceTree = "<group>"; };
		65B90AFF18BE2F470074447A /* DZInputCellView.h */ = {isa = PBXFileReference; fileEncoding = 4; lastKnownFileType = sourcecode.c.h; path = DZInputCellView.h; sourceTree = "<group>"; };
		65B90B0018BE2F470074447A /* DZInputCellView.m */ = {isa = PBXFileReference; fileEncoding = 4; lastKnownFileType = sourcecode.c.objc; path = DZInputCellView.m; sourceTree = "<group>"; };
		65B90B0118BE2F470074447A /* DZPullDownDelegate.h */ = {isa = PBXFileReference; fileEncoding = 4; lastKnownFileType = sourcecode.c.h; path = DZPullDownDelegate.h; sourceTree = "<group>"; };
		65B90B0218BE2F470074447A /* DZPullDownView.h */ = {isa = PBXFileReference; fileEncoding = 4; lastKnownFileType = sourcecode.c.h; path = DZPullDownView.h; sourceTree = "<group>"; };
		65B90B0318BE2F470074447A /* DZPullDownView.m */ = {isa = PBXFileReference; fileEncoding = 4; lastKnownFileType = sourcecode.c.objc; path = DZPullDownView.m; sourceTree = "<group>"; };
		65B90B0418BE2F470074447A /* DZSawtoothView.h */ = {isa = PBXFileReference; fileEncoding = 4; lastKnownFileType = sourcecode.c.h; path = DZSawtoothView.h; sourceTree = "<group>"; };
		65B90B0518BE2F470074447A /* DZSawtoothView.m */ = {isa = PBXFileReference; fileEncoding = 4; lastKnownFileType = sourcecode.c.objc; path = DZSawtoothView.m; sourceTree = "<group>"; };
		65B90B0618BE2F470074447A /* DZSeparationLine.h */ = {isa = PBXFileReference; fileEncoding = 4; lastKnownFileType = sourcecode.c.h; path = DZSeparationLine.h; sourceTree = "<group>"; };
		65B90B0718BE2F470074447A /* DZSeparationLine.m */ = {isa = PBXFileReference; fileEncoding = 4; lastKnownFileType = sourcecode.c.objc; path = DZSeparationLine.m; sourceTree = "<group>"; };
		65B90B0818BE2F470074447A /* DZTableView.h */ = {isa = PBXFileReference; fileEncoding = 4; lastKnownFileType = sourcecode.c.h; path = DZTableView.h; sourceTree = "<group>"; };
		65B90B0918BE2F470074447A /* DZTableView.mm */ = {isa = PBXFileReference; fileEncoding = 4; lastKnownFileType = sourcecode.cpp.objcpp; path = DZTableView.mm; sourceTree = "<group>"; };
		65B90B0A18BE2F470074447A /* DZTableViewActionDelegate.h */ = {isa = PBXFileReference; fileEncoding = 4; lastKnownFileType = sourcecode.c.h; path = DZTableViewActionDelegate.h; sourceTree = "<group>"; };
		65B90B0B18BE2F470074447A /* DZTableViewCell.h */ = {isa = PBXFileReference; fileEncoding = 4; lastKnownFileType = sourcecode.c.h; path = DZTableViewCell.h; sourceTree = "<group>"; };
		65B90B0C18BE2F470074447A /* DZTableViewCell.m */ = {isa = PBXFileReference; fileEncoding = 4; lastKnownFileType = sourcecode.c.objc; path = DZTableViewCell.m; sourceTree = "<group>"; };
		65B90B0D18BE2F470074447A /* DZTableViewCell_private.h */ = {isa = PBXFileReference; fileEncoding = 4; lastKnownFileType = sourcecode.c.h; path = DZTableViewCell_private.h; sourceTree = "<group>"; };
		65B90B0E18BE2F470074447A /* DZTableViewController.h */ = {isa = PBXFileReference; fileEncoding = 4; lastKnownFileType = sourcecode.c.h; path = DZTableViewController.h; sourceTree = "<group>"; };
		65B90B0F18BE2F470074447A /* DZTableViewController.m */ = {isa = PBXFileReference; fileEncoding = 4; lastKnownFileType = sourcecode.c.objc; path = DZTableViewController.m; sourceTree = "<group>"; };
		65B90B1018BE2F470074447A /* DZTableViewSourceDelegate.h */ = {isa = PBXFileReference; fileEncoding = 4; lastKnownFileType = sourcecode.c.h; path = DZTableViewSourceDelegate.h; sourceTree = "<group>"; };
		65B90B1B18BE2FB00074447A /* DZProgramDefines.h */ = {isa = PBXFileReference; fileEncoding = 4; lastKnownFileType = sourcecode.c.h; path = DZProgramDefines.h; sourceTree = "<group>"; };
		65B90B1C18BE2FB00074447A /* DZProgramDefines.m */ = {isa = PBXFileReference; fileEncoding = 4; lastKnownFileType = sourcecode.c.objc; path = DZProgramDefines.m; sourceTree = "<group>"; };
		65B90B1F18BE304A0074447A /* DZDirection.h */ = {isa = PBXFileReference; fileEncoding = 4; lastKnownFileType = sourcecode.c.h; path = DZDirection.h; sourceTree = "<group>"; };
		65B90B2018BE304A0074447A /* DZDirection.m */ = {isa = PBXFileReference; fileEncoding = 4; lastKnownFileType = sourcecode.c.objc; path = DZDirection.m; sourceTree = "<group>"; };
		65B90B2118BE304A0074447A /* DZGeometryTools.h */ = {isa = PBXFileReference; fileEncoding = 4; lastKnownFileType = sourcecode.c.h; path = DZGeometryTools.h; sourceTree = "<group>"; };
		65B90B2218BE304A0074447A /* DZGeometryTools.m */ = {isa = PBXFileReference; fileEncoding = 4; lastKnownFileType = sourcecode.c.objc; path = DZGeometryTools.m; sourceTree = "<group>"; };
		65B90B2318BE304A0074447A /* DZSendSelector.h */ = {isa = PBXFileReference; fileEncoding = 4; lastKnownFileType = sourcecode.c.h; path = DZSendSelector.h; sourceTree = "<group>"; };
		65B90B2418BE304A0074447A /* DZSendSelector.m */ = {isa = PBXFileReference; fileEncoding = 4; lastKnownFileType = sourcecode.c.objc; path = DZSendSelector.m; sourceTree = "<group>"; };
		65B90B2518BE304A0074447A /* DZUITools.h */ = {isa = PBXFileReference; fileEncoding = 4; lastKnownFileType = sourcecode.c.h; path = DZUITools.h; sourceTree = "<group>"; };
		65B90B2618BE304A0074447A /* UIColor+DZColor.h */ = {isa = PBXFileReference; fileEncoding = 4; lastKnownFileType = sourcecode.c.h; path = "UIColor+DZColor.h"; sourceTree = "<group>"; };
		65B90B2718BE304A0074447A /* UIColor+DZColor.m */ = {isa = PBXFileReference; fileEncoding = 4; lastKnownFileType = sourcecode.c.objc; path = "UIColor+DZColor.m"; sourceTree = "<group>"; };
		65B90B2818BE304A0074447A /* UIView+AddTaps.h */ = {isa = PBXFileReference; fileEncoding = 4; lastKnownFileType = sourcecode.c.h; path = "UIView+AddTaps.h"; sourceTree = "<group>"; };
		65B90B2918BE304A0074447A /* UIView+AddTaps.m */ = {isa = PBXFileReference; fileEncoding = 4; lastKnownFileType = sourcecode.c.objc; path = "UIView+AddTaps.m"; sourceTree = "<group>"; };
		65B90B2A18BE304A0074447A /* UIView+Shadow.h */ = {isa = PBXFileReference; fileEncoding = 4; lastKnownFileType = sourcecode.c.h; path = "UIView+Shadow.h"; sourceTree = "<group>"; };
		65B90B2B18BE304A0074447A /* UIView+Shadow.m */ = {isa = PBXFileReference; fileEncoding = 4; lastKnownFileType = sourcecode.c.objc; path = "UIView+Shadow.m"; sourceTree = "<group>"; };
		65B90B3318BE30850074447A /* DZDevices.h */ = {isa = PBXFileReference; fileEncoding = 4; lastKnownFileType = sourcecode.c.h; path = DZDevices.h; sourceTree = "<group>"; };
		65B90B3418BE30850074447A /* DZDevices.m */ = {isa = PBXFileReference; fileEncoding = 4; lastKnownFileType = sourcecode.c.objc; path = DZDevices.m; sourceTree = "<group>"; };
		65B90B3618BE30C00074447A /* NSString+WizString.h */ = {isa = PBXFileReference; fileEncoding = 4; lastKnownFileType = sourcecode.c.h; path = "NSString+WizString.h"; sourceTree = "<group>"; };
		65B90B3718BE30C00074447A /* NSString+WizString.mm */ = {isa = PBXFileReference; fileEncoding = 4; lastKnownFileType = sourcecode.cpp.objcpp; path = "NSString+WizString.mm"; sourceTree = "<group>"; };
		65B90B3918BE30E50074447A /* UIDeviceHardware.h */ = {isa = PBXFileReference; fileEncoding = 4; lastKnownFileType = sourcecode.c.h; path = UIDeviceHardware.h; sourceTree = "<group>"; };
		65B90B3A18BE30E50074447A /* UIDeviceHardware.m */ = {isa = PBXFileReference; fileEncoding = 4; lastKnownFileType = sourcecode.c.objc; path = UIDeviceHardware.m; sourceTree = "<group>"; };
		65B90B3C18BE31090074447A /* HexColor.h */ = {isa = PBXFileReference; fileEncoding = 4; lastKnownFileType = sourcecode.c.h; path = HexColor.h; sourceTree = "<group>"; };
		65B90B3D18BE31090074447A /* HexColor.m */ = {isa = PBXFileReference; fileEncoding = 4; lastKnownFileType = sourcecode.c.objc; path = HexColor.m; sourceTree = "<group>"; };
		65B90B3F18BE31330074447A /* DZAnimationDefines.h */ = {isa = PBXFileReference; fileEncoding = 4; lastKnownFileType = sourcecode.c.h; path = DZAnimationDefines.h; sourceTree = "<group>"; };
		65B90B4018BE32150074447A /* DZTypesViewController.h */ = {isa = PBXFileReference; fileEncoding = 4; lastKnownFileType = sourcecode.c.h; path = DZTypesViewController.h; sourceTree = "<group>"; };
		65B90B4118BE32150074447A /* DZTypesViewController.m */ = {isa = PBXFileReference; fileEncoding = 4; lastKnownFileType = sourcecode.c.objc; path = DZTypesViewController.m; sourceTree = "<group>"; };
		65B90B4318BE326B0074447A /* DZTypeCell.h */ = {isa = PBXFileReference; fileEncoding = 4; lastKnownFileType = sourcecode.c.h; path = DZTypeCell.h; sourceTree = "<group>"; };
		65B90B4418BE326B0074447A /* DZTypeCell.m */ = {isa = PBXFileReference; fileEncoding = 4; lastKnownFileType = sourcecode.c.objc; path = DZTypeCell.m; sourceTree = "<group>"; };
		65B90B4518BE326B0074447A /* number_bg.png */ = {isa = PBXFileReference; lastKnownFileType = image.png; path = number_bg.png; sourceTree = "<group>"; };
/* End PBXFileReference section */

/* Begin PBXFrameworksBuildPhase section */
		65B90AC518BE090F0074447A /* Frameworks */ = {
			isa = PBXFrameworksBuildPhase;
			buildActionMask = 2147483647;
			files = (
				65B90ACE18BE090F0074447A /* CoreGraphics.framework in Frameworks */,
				65B90AD018BE090F0074447A /* UIKit.framework in Frameworks */,
				65B90ACC18BE090F0074447A /* Foundation.framework in Frameworks */,
			);
			runOnlyForDeploymentPostprocessing = 0;
		};
		65B90AE018BE090F0074447A /* Frameworks */ = {
			isa = PBXFrameworksBuildPhase;
			buildActionMask = 2147483647;
			files = (
				65B90AE518BE090F0074447A /* XCTest.framework in Frameworks */,
				65B90AE718BE090F0074447A /* UIKit.framework in Frameworks */,
				65B90AE618BE090F0074447A /* Foundation.framework in Frameworks */,
			);
			runOnlyForDeploymentPostprocessing = 0;
		};
/* End PBXFrameworksBuildPhase section */

/* Begin PBXGroup section */
		65B90ABF18BE090F0074447A = {
			isa = PBXGroup;
			children = (
				65B90AD118BE090F0074447A /* DZTableView */,
				65B90AEA18BE090F0074447A /* DZTableViewTests */,
				65B90ACA18BE090F0074447A /* Frameworks */,
				65B90AC918BE090F0074447A /* Products */,
			);
			sourceTree = "<group>";
		};
		65B90AC918BE090F0074447A /* Products */ = {
			isa = PBXGroup;
			children = (
				65B90AC818BE090F0074447A /* DZTableView.app */,
				65B90AE318BE090F0074447A /* DZTableViewTests.xctest */,
			);
			name = Products;
			sourceTree = "<group>";
		};
		65B90ACA18BE090F0074447A /* Frameworks */ = {
			isa = PBXGroup;
			children = (
				65B90ACB18BE090F0074447A /* Foundation.framework */,
				65B90ACD18BE090F0074447A /* CoreGraphics.framework */,
				65B90ACF18BE090F0074447A /* UIKit.framework */,
				65B90AE418BE090F0074447A /* XCTest.framework */,
			);
			name = Frameworks;
			sourceTree = "<group>";
		};
		65B90AD118BE090F0074447A /* DZTableView */ = {
			isa = PBXGroup;
			children = (
				65B90B4318BE326B0074447A /* DZTypeCell.h */,
				65B90B4418BE326B0074447A /* DZTypeCell.m */,
				65B90B4518BE326B0074447A /* number_bg.png */,
				65B90B4018BE32150074447A /* DZTypesViewController.h */,
				65B90B4118BE32150074447A /* DZTypesViewController.m */,
				65B90B3218BE30850074447A /* Devices */,
				65B90B1E18BE304A0074447A /* UITools */,
				65B90B1A18BE2FB00074447A /* Programbase */,
				65B90AFA18BE2F470074447A /* TableView */,
				65B90ADA18BE090F0074447A /* DZAppDelegate.h */,
				65B90ADB18BE090F0074447A /* DZAppDelegate.m */,
				65B90ADD18BE090F0074447A /* Images.xcassets */,
				65B90AD218BE090F0074447A /* Supporting Files */,
			);
			path = DZTableView;
			sourceTree = "<group>";
		};
		65B90AD218BE090F0074447A /* Supporting Files */ = {
			isa = PBXGroup;
			children = (
				65B90AD318BE090F0074447A /* DZTableView-Info.plist */,
				65B90AD418BE090F0074447A /* InfoPlist.strings */,
				65B90AD718BE090F0074447A /* main.m */,
				65B90AD918BE090F0074447A /* DZTableView-Prefix.pch */,
			);
			name = "Supporting Files";
			sourceTree = "<group>";
		};
		65B90AEA18BE090F0074447A /* DZTableViewTests */ = {
			isa = PBXGroup;
			children = (
				65B90AF018BE090F0074447A /* DZTableViewTests.m */,
				65B90AEB18BE090F0074447A /* Supporting Files */,
			);
			path = DZTableViewTests;
			sourceTree = "<group>";
		};
		65B90AEB18BE090F0074447A /* Supporting Files */ = {
			isa = PBXGroup;
			children = (
				65B90AEC18BE090F0074447A /* DZTableViewTests-Info.plist */,
				65B90AED18BE090F0074447A /* InfoPlist.strings */,
			);
			name = "Supporting Files";
			sourceTree = "<group>";
		};
		65B90AFA18BE2F470074447A /* TableView */ = {
			isa = PBXGroup;
			children = (
				65B90AFB18BE2F470074447A /* DZCellActionItem.h */,
				65B90AFC18BE2F470074447A /* DZCellActionItem.m */,
				65B90AFD18BE2F470074447A /* DZCellActionsView.h */,
				65B90AFE18BE2F470074447A /* DZCellActionsView.m */,
				65B90AFF18BE2F470074447A /* DZInputCellView.h */,
				65B90B0018BE2F470074447A /* DZInputCellView.m */,
				65B90B0118BE2F470074447A /* DZPullDownDelegate.h */,
				65B90B0218BE2F470074447A /* DZPullDownView.h */,
				65B90B0318BE2F470074447A /* DZPullDownView.m */,
				65B90B0418BE2F470074447A /* DZSawtoothView.h */,
				65B90B0518BE2F470074447A /* DZSawtoothView.m */,
				65B90B0618BE2F470074447A /* DZSeparationLine.h */,
				65B90B0718BE2F470074447A /* DZSeparationLine.m */,
				65B90B0818BE2F470074447A /* DZTableView.h */,
				65B90B0918BE2F470074447A /* DZTableView.mm */,
				65B90B0A18BE2F470074447A /* DZTableViewActionDelegate.h */,
				65B90B0B18BE2F470074447A /* DZTableViewCell.h */,
				65B90B0C18BE2F470074447A /* DZTableViewCell.m */,
				65B90B0D18BE2F470074447A /* DZTableViewCell_private.h */,
				65B90B0E18BE2F470074447A /* DZTableViewController.h */,
				65B90B0F18BE2F470074447A /* DZTableViewController.m */,
				65B90B1018BE2F470074447A /* DZTableViewSourceDelegate.h */,
			);
			path = TableView;
			sourceTree = "<group>";
		};
		65B90B1A18BE2FB00074447A /* Programbase */ = {
			isa = PBXGroup;
			children = (
				65B90B1B18BE2FB00074447A /* DZProgramDefines.h */,
				65B90B1C18BE2FB00074447A /* DZProgramDefines.m */,
			);
			path = Programbase;
			sourceTree = "<group>";
		};
		65B90B1E18BE304A0074447A /* UITools */ = {
			isa = PBXGroup;
			children = (
				65B90B3F18BE31330074447A /* DZAnimationDefines.h */,
				65B90B3C18BE31090074447A /* HexColor.h */,
				65B90B3D18BE31090074447A /* HexColor.m */,
				65B90B1F18BE304A0074447A /* DZDirection.h */,
				65B90B2018BE304A0074447A /* DZDirection.m */,
				65B90B2118BE304A0074447A /* DZGeometryTools.h */,
				65B90B2218BE304A0074447A /* DZGeometryTools.m */,
				65B90B2318BE304A0074447A /* DZSendSelector.h */,
				65B90B2418BE304A0074447A /* DZSendSelector.m */,
				65B90B2518BE304A0074447A /* DZUITools.h */,
				65B90B2618BE304A0074447A /* UIColor+DZColor.h */,
				65B90B2718BE304A0074447A /* UIColor+DZColor.m */,
				65B90B2818BE304A0074447A /* UIView+AddTaps.h */,
				65B90B2918BE304A0074447A /* UIView+AddTaps.m */,
				65B90B2A18BE304A0074447A /* UIView+Shadow.h */,
				65B90B2B18BE304A0074447A /* UIView+Shadow.m */,
			);
			path = UITools;
			sourceTree = "<group>";
		};
		65B90B3218BE30850074447A /* Devices */ = {
			isa = PBXGroup;
			children = (
				65B90B3918BE30E50074447A /* UIDeviceHardware.h */,
				65B90B3A18BE30E50074447A /* UIDeviceHardware.m */,
				65B90B3618BE30C00074447A /* NSString+WizString.h */,
				65B90B3718BE30C00074447A /* NSString+WizString.mm */,
				65B90B3318BE30850074447A /* DZDevices.h */,
				65B90B3418BE30850074447A /* DZDevices.m */,
			);
			path = Devices;
			sourceTree = "<group>";
		};
/* End PBXGroup section */

/* Begin PBXNativeTarget section */
		65B90AC718BE090F0074447A /* DZTableView */ = {
			isa = PBXNativeTarget;
			buildConfigurationList = 65B90AF418BE090F0074447A /* Build configuration list for PBXNativeTarget "DZTableView" */;
			buildPhases = (
				65B90AC418BE090F0074447A /* Sources */,
				65B90AC518BE090F0074447A /* Frameworks */,
				65B90AC618BE090F0074447A /* Resources */,
			);
			buildRules = (
			);
			dependencies = (
			);
			name = DZTableView;
			productName = DZTableView;
			productReference = 65B90AC818BE090F0074447A /* DZTableView.app */;
			productType = "com.apple.product-type.application";
		};
		65B90AE218BE090F0074447A /* DZTableViewTests */ = {
			isa = PBXNativeTarget;
			buildConfigurationList = 65B90AF718BE090F0074447A /* Build configuration list for PBXNativeTarget "DZTableViewTests" */;
			buildPhases = (
				65B90ADF18BE090F0074447A /* Sources */,
				65B90AE018BE090F0074447A /* Frameworks */,
				65B90AE118BE090F0074447A /* Resources */,
			);
			buildRules = (
			);
			dependencies = (
				65B90AE918BE090F0074447A /* PBXTargetDependency */,
			);
			name = DZTableViewTests;
			productName = DZTableViewTests;
			productReference = 65B90AE318BE090F0074447A /* DZTableViewTests.xctest */;
			productType = "com.apple.product-type.bundle.unit-test";
		};
/* End PBXNativeTarget section */

/* Begin PBXProject section */
		65B90AC018BE090F0074447A /* Project object */ = {
			isa = PBXProject;
			attributes = {
				CLASSPREFIX = DZ;
				LastUpgradeCheck = 0500;
				ORGANIZATIONNAME = "Stone Dong";
				TargetAttributes = {
					65B90AE218BE090F0074447A = {
						TestTargetID = 65B90AC718BE090F0074447A;
					};
				};
			};
			buildConfigurationList = 65B90AC318BE090F0074447A /* Build configuration list for PBXProject "DZTableView" */;
			compatibilityVersion = "Xcode 3.2";
			developmentRegion = English;
			hasScannedForEncodings = 0;
			knownRegions = (
				en,
			);
			mainGroup = 65B90ABF18BE090F0074447A;
			productRefGroup = 65B90AC918BE090F0074447A /* Products */;
			projectDirPath = "";
			projectRoot = "";
			targets = (
				65B90AC718BE090F0074447A /* DZTableView */,
				65B90AE218BE090F0074447A /* DZTableViewTests */,
			);
		};
/* End PBXProject section */

/* Begin PBXResourcesBuildPhase section */
		65B90AC618BE090F0074447A /* Resources */ = {
			isa = PBXResourcesBuildPhase;
			buildActionMask = 2147483647;
			files = (
				65B90B4718BE326B0074447A /* number_bg.png in Resources */,
				65B90AD618BE090F0074447A /* InfoPlist.strings in Resources */,
				65B90ADE18BE090F0074447A /* Images.xcassets in Resources */,
			);
			runOnlyForDeploymentPostprocessing = 0;
		};
		65B90AE118BE090F0074447A /* Resources */ = {
			isa = PBXResourcesBuildPhase;
			buildActionMask = 2147483647;
			files = (
				65B90AEF18BE090F0074447A /* InfoPlist.strings in Resources */,
			);
			runOnlyForDeploymentPostprocessing = 0;
		};
/* End PBXResourcesBuildPhase section */

/* Begin PBXSourcesBuildPhase section */
		65B90AC418BE090F0074447A /* Sources */ = {
			isa = PBXSourcesBuildPhase;
			buildActionMask = 2147483647;
			files = (
				65B90B1218BE2F470074447A /* DZCellActionsView.m in Sources */,
				65B90B2F18BE304A0074447A /* UIColor+DZColor.m in Sources */,
				65B90B2C18BE304A0074447A /* DZDirection.m in Sources */,
				65B90B3518BE30850074447A /* DZDevices.m in Sources */,
				65B90B1D18BE2FB00074447A /* DZProgramDefines.m in Sources */,
				65B90B1818BE2F470074447A /* DZTableViewCell.m in Sources */,
				65B90B1618BE2F470074447A /* DZSeparationLine.m in Sources */,
				65B90B2D18BE304A0074447A /* DZGeometryTools.m in Sources */,
				65B90B4218BE32150074447A /* DZTypesViewController.m in Sources */,
				65B90B1418BE2F470074447A /* DZPullDownView.m in Sources */,
				65B90B3E18BE31090074447A /* HexColor.m in Sources */,
				65B90B1518BE2F470074447A /* DZSawtoothView.m in Sources */,
				65B90B1718BE2F470074447A /* DZTableView.mm in Sources */,
				65B90B1318BE2F470074447A /* DZInputCellView.m in Sources */,
				65B90B2E18BE304A0074447A /* DZSendSelector.m in Sources */,
				65B90B3818BE30C00074447A /* NSString+WizString.mm in Sources */,
				65B90ADC18BE090F0074447A /* DZAppDelegate.m in Sources */,
				65B90B3B18BE30E50074447A /* UIDeviceHardware.m in Sources */,
				65B90AD818BE090F0074447A /* main.m in Sources */,
				65B90B3118BE304A0074447A /* UIView+Shadow.m in Sources */,
				65B90B1918BE2F470074447A /* DZTableViewController.m in Sources */,
				65B90B1118BE2F470074447A /* DZCellActionItem.m in Sources */,
				65B90B3018BE304A0074447A /* UIView+AddTaps.m in Sources */,
				65B90B4618BE326B0074447A /* DZTypeCell.m in Sources */,
			);
			runOnlyForDeploymentPostprocessing = 0;
		};
		65B90ADF18BE090F0074447A /* Sources */ = {
			isa = PBXSourcesBuildPhase;
			buildActionMask = 2147483647;
			files = (
				65B90AF118BE090F0074447A /* DZTableViewTests.m in Sources */,
			);
			runOnlyForDeploymentPostprocessing = 0;
		};
/* End PBXSourcesBuildPhase section */

/* Begin PBXTargetDependency section */
		65B90AE918BE090F0074447A /* PBXTargetDependency */ = {
			isa = PBXTargetDependency;
			target = 65B90AC718BE090F0074447A /* DZTableView */;
			targetProxy = 65B90AE818BE090F0074447A /* PBXContainerItemProxy */;
		};
/* End PBXTargetDependency section */

/* Begin PBXVariantGroup section */
		65B90AD418BE090F0074447A /* InfoPlist.strings */ = {
			isa = PBXVariantGroup;
			children = (
				65B90AD518BE090F0074447A /* en */,
			);
			name = InfoPlist.strings;
			sourceTree = "<group>";
		};
		65B90AED18BE090F0074447A /* InfoPlist.strings */ = {
			isa = PBXVariantGroup;
			children = (
				65B90AEE18BE090F0074447A /* en */,
			);
			name = InfoPlist.strings;
			sourceTree = "<group>";
		};
/* End PBXVariantGroup section */

/* Begin XCBuildConfiguration section */
		65B90AF218BE090F0074447A /* Debug */ = {
			isa = XCBuildConfiguration;
			buildSettings = {
				ALWAYS_SEARCH_USER_PATHS = NO;
				ARCHS = "$(ARCHS_STANDARD_INCLUDING_64_BIT)";
				CLANG_CXX_LANGUAGE_STANDARD = "gnu++0x";
				CLANG_CXX_LIBRARY = "libc++";
				CLANG_ENABLE_MODULES = YES;
				CLANG_ENABLE_OBJC_ARC = YES;
				CLANG_WARN_BOOL_CONVERSION = YES;
				CLANG_WARN_CONSTANT_CONVERSION = YES;
				CLANG_WARN_DIRECT_OBJC_ISA_USAGE = YES_ERROR;
				CLANG_WARN_EMPTY_BODY = YES;
				CLANG_WARN_ENUM_CONVERSION = YES;
				CLANG_WARN_INT_CONVERSION = YES;
				CLANG_WARN_OBJC_ROOT_CLASS = YES_ERROR;
				CLANG_WARN__DUPLICATE_METHOD_MATCH = YES;
				"CODE_SIGN_IDENTITY[sdk=iphoneos*]" = "iPhone Developer";
				COPY_PHASE_STRIP = NO;
				GCC_C_LANGUAGE_STANDARD = gnu99;
				GCC_DYNAMIC_NO_PIC = NO;
				GCC_OPTIMIZATION_LEVEL = 0;
				GCC_PREPROCESSOR_DEFINITIONS = (
					"DEBUG=1",
					"$(inherited)",
				);
				GCC_SYMBOLS_PRIVATE_EXTERN = NO;
				GCC_WARN_64_TO_32_BIT_CONVERSION = YES;
				GCC_WARN_ABOUT_RETURN_TYPE = YES_ERROR;
				GCC_WARN_UNDECLARED_SELECTOR = YES;
				GCC_WARN_UNINITIALIZED_AUTOS = YES;
				GCC_WARN_UNUSED_FUNCTION = YES;
				GCC_WARN_UNUSED_VARIABLE = YES;
				IPHONEOS_DEPLOYMENT_TARGET = 7.0;
				ONLY_ACTIVE_ARCH = YES;
				SDKROOT = iphoneos;
				TARGETED_DEVICE_FAMILY = "1,2";
			};
			name = Debug;
		};
		65B90AF318BE090F0074447A /* Release */ = {
			isa = XCBuildConfiguration;
			buildSettings = {
				ALWAYS_SEARCH_USER_PATHS = NO;
				ARCHS = "$(ARCHS_STANDARD_INCLUDING_64_BIT)";
				CLANG_CXX_LANGUAGE_STANDARD = "gnu++0x";
				CLANG_CXX_LIBRARY = "libc++";
				CLANG_ENABLE_MODULES = YES;
				CLANG_ENABLE_OBJC_ARC = YES;
				CLANG_WARN_BOOL_CONVERSION = YES;
				CLANG_WARN_CONSTANT_CONVERSION = YES;
				CLANG_WARN_DIRECT_OBJC_ISA_USAGE = YES_ERROR;
				CLANG_WARN_EMPTY_BODY = YES;
				CLANG_WARN_ENUM_CONVERSION = YES;
				CLANG_WARN_INT_CONVERSION = YES;
				CLANG_WARN_OBJC_ROOT_CLASS = YES_ERROR;
				CLANG_WARN__DUPLICATE_METHOD_MATCH = YES;
				"CODE_SIGN_IDENTITY[sdk=iphoneos*]" = "iPhone Developer";
				COPY_PHASE_STRIP = YES;
				ENABLE_NS_ASSERTIONS = NO;
				GCC_C_LANGUAGE_STANDARD = gnu99;
				GCC_WARN_64_TO_32_BIT_CONVERSION = YES;
				GCC_WARN_ABOUT_RETURN_TYPE = YES_ERROR;
				GCC_WARN_UNDECLARED_SELECTOR = YES;
				GCC_WARN_UNINITIALIZED_AUTOS = YES;
				GCC_WARN_UNUSED_FUNCTION = YES;
				GCC_WARN_UNUSED_VARIABLE = YES;
				IPHONEOS_DEPLOYMENT_TARGET = 7.0;
				SDKROOT = iphoneos;
				TARGETED_DEVICE_FAMILY = "1,2";
				VALIDATE_PRODUCT = YES;
			};
			name = Release;
		};
		65B90AF518BE090F0074447A /* Debug */ = {
			isa = XCBuildConfiguration;
			buildSettings = {
				ASSETCATALOG_COMPILER_APPICON_NAME = AppIcon;
				ASSETCATALOG_COMPILER_LAUNCHIMAGE_NAME = LaunchImage;
				GCC_PRECOMPILE_PREFIX_HEADER = YES;
				GCC_PREFIX_HEADER = "DZTableView/DZTableView-Prefix.pch";
				INFOPLIST_FILE = "DZTableView/DZTableView-Info.plist";
				PRODUCT_NAME = "$(TARGET_NAME)";
				WRAPPER_EXTENSION = app;
			};
			name = Debug;
		};
		65B90AF618BE090F0074447A /* Release */ = {
			isa = XCBuildConfiguration;
			buildSettings = {
				ASSETCATALOG_COMPILER_APPICON_NAME = AppIcon;
				ASSETCATALOG_COMPILER_LAUNCHIMAGE_NAME = LaunchImage;
				GCC_PRECOMPILE_PREFIX_HEADER = YES;
				GCC_PREFIX_HEADER = "DZTableView/DZTableView-Prefix.pch";
				INFOPLIST_FILE = "DZTableView/DZTableView-Info.plist";
				PRODUCT_NAME = "$(TARGET_NAME)";
				WRAPPER_EXTENSION = app;
			};
			name = Release;
		};
		65B90AF818BE090F0074447A /* Debug */ = {
			isa = XCBuildConfiguration;
			buildSettings = {
				ARCHS = "$(ARCHS_STANDARD_INCLUDING_64_BIT)";
				BUNDLE_LOADER = "$(BUILT_PRODUCTS_DIR)/DZTableView.app/DZTableView";
				FRAMEWORK_SEARCH_PATHS = (
					"$(SDKROOT)/Developer/Library/Frameworks",
					"$(inherited)",
					"$(DEVELOPER_FRAMEWORKS_DIR)",
				);
				GCC_PRECOMPILE_PREFIX_HEADER = YES;
				GCC_PREFIX_HEADER = "DZTableView/DZTableView-Prefix.pch";
				GCC_PREPROCESSOR_DEFINITIONS = (
					"DEBUG=1",
					"$(inherited)",
				);
				INFOPLIST_FILE = "DZTableViewTests/DZTableViewTests-Info.plist";
				PRODUCT_NAME = "$(TARGET_NAME)";
				TEST_HOST = "$(BUNDLE_LOADER)";
				WRAPPER_EXTENSION = xctest;
			};
			name = Debug;
		};
		65B90AF918BE090F0074447A /* Release */ = {
			isa = XCBuildConfiguration;
			buildSettings = {
				ARCHS = "$(ARCHS_STANDARD_INCLUDING_64_BIT)";
				BUNDLE_LOADER = "$(BUILT_PRODUCTS_DIR)/DZTableView.app/DZTableView";
				FRAMEWORK_SEARCH_PATHS = (
					"$(SDKROOT)/Developer/Library/Frameworks",
					"$(inherited)",
					"$(DEVELOPER_FRAMEWORKS_DIR)",
				);
				GCC_PRECOMPILE_PREFIX_HEADER = YES;
				GCC_PREFIX_HEADER = "DZTableView/DZTableView-Prefix.pch";
				INFOPLIST_FILE = "DZTableViewTests/DZTableViewTests-Info.plist";
				PRODUCT_NAME = "$(TARGET_NAME)";
				TEST_HOST = "$(BUNDLE_LOADER)";
				WRAPPER_EXTENSION = xctest;
			};
			name = Release;
		};
/* End XCBuildConfiguration section */

/* Begin XCConfigurationList section */
		65B90AC318BE090F0074447A /* Build configuration list for PBXProject "DZTableView" */ = {
			isa = XCConfigurationList;
			buildConfigurations = (
				65B90AF218BE090F0074447A /* Debug */,
				65B90AF318BE090F0074447A /* Release */,
			);
			defaultConfigurationIsVisible = 0;
			defaultConfigurationName = Release;
		};
		65B90AF418BE090F0074447A /* Build configuration list for PBXNativeTarget "DZTableView" */ = {
			isa = XCConfigurationList;
			buildConfigurations = (
				65B90AF518BE090F0074447A /* Debug */,
				65B90AF618BE090F0074447A /* Release */,
			);
			defaultConfigurationIsVisible = 0;
		};
		65B90AF718BE090F0074447A /* Build configuration list for PBXNativeTarget "DZTableViewTests" */ = {
			isa = XCConfigurationList;
			buildConfigurations = (
				65B90AF818BE090F0074447A /* Debug */,
				65B90AF918BE090F0074447A /* Release */,
			);
			defaultConfigurationIsVisible = 0;
		};
/* End XCConfigurationList section */
	};
	rootObject = 65B90AC018BE090F0074447A /* Project object */;
}
